
Microsoft Visual Studio Solution File, Format Version 12.00
# Visual Studio Version 17
VisualStudioVersion = 17.0.32014.148
MinimumVisualStudioVersion = 10.0.40219.1
Project("{9A19103F-16F7-4668-BE54-9A1E7A4F7556}") = "Chunya5", "Chunya5.csproj", "{6F2E8D03-E6F1-4BFF-9D45-16EA7A3DDE45}"
EndProject
Project("{FAE04EC0-301F-11D3-BF4B-00C04F79EFBC}") = "ScheduledTask", "..\ScheduledTask\ScheduledTask.csproj", "{58672FE7-9F19-4E46-8594-277E649D7DFA}"
EndProject
Project("{FAE04EC0-301F-11D3-BF4B-00C04F79EFBC}") = "Clearn", "..\Clearn\Clearn.csproj", "{33611C55-BC23-49E3-B62E-F8B8C2AC524D}"
EndProject
Global
	GlobalSection(SolutionConfigurationPlatforms) = preSolution
		Debug|Any CPU = Debug|Any CPU
		Release|Any CPU = Release|Any CPU
	EndGlobalSection
	GlobalSection(ProjectConfigurationPlatforms) = postSolution
		{6F2E8D03-E6F1-4BFF-9D45-16EA7A3DDE45}.Debug|Any CPU.ActiveCfg = Debug|Any CPU
		{6F2E8D03-E6F1-4BFF-9D45-16EA7A3DDE45}.Debug|Any CPU.Build.0 = Debug|Any CPU
		{6F2E8D03-E6F1-4BFF-9D45-16EA7A3DDE45}.Release|Any CPU.ActiveCfg = Release|Any CPU
		{6F2E8D03-E6F1-4BFF-9D45-16EA7A3DDE45}.Release|Any CPU.Build.0 = Release|Any CPU
		{58672FE7-9F19-4E46-8594-277E649D7DFA}.Debug|Any CPU.ActiveCfg = Debug|Any CPU
		{58672FE7-9F19-4E46-8594-277E649D7DFA}.Debug|Any CPU.Build.0 = Debug|Any CPU
		{58672FE7-9F19-4E46-8594-277E649D7DFA}.Release|Any CPU.ActiveCfg = Release|Any CPU
		{58672FE7-9F19-4E46-8594-277E649D7DFA}.Release|Any CPU.Build.0 = Release|Any CPU
		{33611C55-BC23-49E3-B62E-F8B8C2AC524D}.Debug|Any CPU.ActiveCfg = Debug|Any CPU
		{33611C55-BC23-49E3-B62E-F8B8C2AC524D}.Debug|Any CPU.Build.0 = Debug|Any CPU
		{33611C55-BC23-49E3-B62E-F8B8C2AC524D}.Release|Any CPU.ActiveCfg = Release|Any CPU
		{33611C55-BC23-49E3-B62E-F8B8C2AC524D}.Release|Any CPU.Build.0 = Release|Any CPU
	EndGlobalSection
	GlobalSection(SolutionProperties) = preSolution
		HideSolutionNode = FALSE
	EndGlobalSection
	GlobalSection(ExtensibilityGlobals) = postSolution
		SolutionGuid = {F87663E6-9C8B-4AB1-A7C9-9C4FC0E7F37C}
	EndGlobalSection
EndGlobal
